// !$*UTF8*$!
{
	archiveVersion = 1;
	classes = {
	};
	objectVersion = 55;
	objects = {

/* Begin PBXBuildFile section */
		3771D37B2862329D00E200B6 /* Extensions.swift in Sources */ = {isa = PBXBuildFile; fileRef = 3771D37A2862329D00E200B6 /* Extensions.swift */; };
		3771D37F2862493E00E200B6 /* PathInformationTableView.swift in Sources */ = {isa = PBXBuildFile; fileRef = 3771D37E2862493E00E200B6 /* PathInformationTableView.swift */; };
		3789B5E028622B7A00058688 /* AppDelegate.swift in Sources */ = {isa = PBXBuildFile; fileRef = 3789B5DF28622B7A00058688 /* AppDelegate.swift */; };
		3789B5E228622B7A00058688 /* SceneDelegate.swift in Sources */ = {isa = PBXBuildFile; fileRef = 3789B5E128622B7A00058688 /* SceneDelegate.swift */; };
		3789B5E928622B7C00058688 /* Assets.xcassets in Resources */ = {isa = PBXBuildFile; fileRef = 3789B5E828622B7C00058688 /* Assets.xcassets */; };
		3789B5EC28622B7C00058688 /* LaunchScreen.storyboard in Resources */ = {isa = PBXBuildFile; fileRef = 3789B5EA28622B7C00058688 /* LaunchScreen.storyboard */; };
		3789B5F428622E0D00058688 /* PathContentsTableViewController.swift in Sources */ = {isa = PBXBuildFile; fileRef = 3789B5F328622E0D00058688 /* PathContentsTableViewController.swift */; };
		37932F052863205F00BF48C8 /* UserPreferences.swift in Sources */ = {isa = PBXBuildFile; fileRef = 37932F042863205F00BF48C8 /* UserPreferences.swift */; };
		37963F132869C96C00C4B72A /* PathType.swift in Sources */ = {isa = PBXBuildFile; fileRef = 37963F122869C96C00C4B72A /* PathType.swift */; };
		37963F17286A0F0B00C4B72A /* DirectoryMonitor.swift in Sources */ = {isa = PBXBuildFile; fileRef = 37963F16286A0F0B00C4B72A /* DirectoryMonitor.swift */; };
		37C6E0C52865CF7C00BDDA16 /* SettingsTableViewController.swift in Sources */ = {isa = PBXBuildFile; fileRef = 37C6E0C42865CF7C00BDDA16 /* SettingsTableViewController.swift */; };
		37C6E0C828662C4100BDDA16 /* DragAndDrop.swift in Sources */ = {isa = PBXBuildFile; fileRef = 37C6E0C728662C4100BDDA16 /* DragAndDrop.swift */; };
		37C6E0CA28662C6800BDDA16 /* SortingWays.swift in Sources */ = {isa = PBXBuildFile; fileRef = 37C6E0C928662C6800BDDA16 /* SortingWays.swift */; };
		37C6E0CE28665B2A00BDDA16 /* PathOperationViewController.swift in Sources */ = {isa = PBXBuildFile; fileRef = 37C6E0CD28665B2A00BDDA16 /* PathOperationViewController.swift */; };
		37C6E0D028673AFF00BDDA16 /* Search.swift in Sources */ = {isa = PBXBuildFile; fileRef = 37C6E0CF28673AFF00BDDA16 /* Search.swift */; };
		37C6E0D22867653A00BDDA16 /* PathsListSplitViewController.swift in Sources */ = {isa = PBXBuildFile; fileRef = 37C6E0D12867653A00BDDA16 /* PathsListSplitViewController.swift */; };
		37DE0FA22864902400E5EBBC /* FilePreviewDataSource.swift in Sources */ = {isa = PBXBuildFile; fileRef = 37DE0FA12864902400E5EBBC /* FilePreviewDataSource.swift */; };
/* End PBXBuildFile section */

/* Begin PBXCopyFilesBuildPhase section */
		3765393B286920FC00D76430 /* Embed App Extensions */ = {
			isa = PBXCopyFilesBuildPhase;
			buildActionMask = 2147483647;
			dstPath = "";
			dstSubfolderSpec = 13;
			files = (
			);
			name = "Embed App Extensions";
			runOnlyForDeploymentPostprocessing = 0;
		};
/* End PBXCopyFilesBuildPhase section */

/* Begin PBXFileReference section */
		3771D37A2862329D00E200B6 /* Extensions.swift */ = {isa = PBXFileReference; lastKnownFileType = sourcecode.swift; path = Extensions.swift; sourceTree = "<group>"; };
		3771D37E2862493E00E200B6 /* PathInformationTableView.swift */ = {isa = PBXFileReference; lastKnownFileType = sourcecode.swift; path = PathInformationTableView.swift; sourceTree = "<group>"; };
		3789B5DC28622B7A00058688 /* Santander.app */ = {isa = PBXFileReference; explicitFileType = wrapper.application; includeInIndex = 0; path = Santander.app; sourceTree = BUILT_PRODUCTS_DIR; };
		3789B5DF28622B7A00058688 /* AppDelegate.swift */ = {isa = PBXFileReference; lastKnownFileType = sourcecode.swift; path = AppDelegate.swift; sourceTree = "<group>"; };
		3789B5E128622B7A00058688 /* SceneDelegate.swift */ = {isa = PBXFileReference; lastKnownFileType = sourcecode.swift; path = SceneDelegate.swift; sourceTree = "<group>"; };
		3789B5E828622B7C00058688 /* Assets.xcassets */ = {isa = PBXFileReference; lastKnownFileType = folder.assetcatalog; path = Assets.xcassets; sourceTree = "<group>"; };
		3789B5EB28622B7C00058688 /* Base */ = {isa = PBXFileReference; lastKnownFileType = file.storyboard; name = Base; path = Base.lproj/LaunchScreen.storyboard; sourceTree = "<group>"; };
		3789B5ED28622B7C00058688 /* Info.plist */ = {isa = PBXFileReference; lastKnownFileType = text.plist.xml; path = Info.plist; sourceTree = "<group>"; };
		3789B5F328622E0D00058688 /* PathContentsTableViewController.swift */ = {isa = PBXFileReference; lastKnownFileType = sourcecode.swift; path = PathContentsTableViewController.swift; sourceTree = "<group>"; };
		37932F042863205F00BF48C8 /* UserPreferences.swift */ = {isa = PBXFileReference; lastKnownFileType = sourcecode.swift; path = UserPreferences.swift; sourceTree = "<group>"; };
		37963F122869C96C00C4B72A /* PathType.swift */ = {isa = PBXFileReference; lastKnownFileType = sourcecode.swift; path = PathType.swift; sourceTree = "<group>"; };
		37963F16286A0F0B00C4B72A /* DirectoryMonitor.swift */ = {isa = PBXFileReference; lastKnownFileType = sourcecode.swift; path = DirectoryMonitor.swift; sourceTree = "<group>"; };
		37C6E0C42865CF7C00BDDA16 /* SettingsTableViewController.swift */ = {isa = PBXFileReference; lastKnownFileType = sourcecode.swift; path = SettingsTableViewController.swift; sourceTree = "<group>"; };
		37C6E0C728662C4100BDDA16 /* DragAndDrop.swift */ = {isa = PBXFileReference; lastKnownFileType = sourcecode.swift; path = DragAndDrop.swift; sourceTree = "<group>"; };
		37C6E0C928662C6800BDDA16 /* SortingWays.swift */ = {isa = PBXFileReference; lastKnownFileType = sourcecode.swift; path = SortingWays.swift; sourceTree = "<group>"; };
		37C6E0CD28665B2A00BDDA16 /* PathOperationViewController.swift */ = {isa = PBXFileReference; lastKnownFileType = sourcecode.swift; path = PathOperationViewController.swift; sourceTree = "<group>"; };
		37C6E0CF28673AFF00BDDA16 /* Search.swift */ = {isa = PBXFileReference; lastKnownFileType = sourcecode.swift; path = Search.swift; sourceTree = "<group>"; };
		37C6E0D12867653A00BDDA16 /* PathsListSplitViewController.swift */ = {isa = PBXFileReference; lastKnownFileType = sourcecode.swift; path = PathsListSplitViewController.swift; sourceTree = "<group>"; };
		37DE0FA12864902400E5EBBC /* FilePreviewDataSource.swift */ = {isa = PBXFileReference; lastKnownFileType = sourcecode.swift; path = FilePreviewDataSource.swift; sourceTree = "<group>"; };
/* End PBXFileReference section */

/* Begin PBXFrameworksBuildPhase section */
		3789B5D928622B7A00058688 /* Frameworks */ = {
			isa = PBXFrameworksBuildPhase;
			buildActionMask = 2147483647;
			files = (
			);
			runOnlyForDeploymentPostprocessing = 0;
		};
/* End PBXFrameworksBuildPhase section */

/* Begin PBXGroup section */
		3771D3782862328400E200B6 /* Backend */ = {
			isa = PBXGroup;
			children = (
				3771D37A2862329D00E200B6 /* Extensions.swift */,
				37963F122869C96C00C4B72A /* PathType.swift */,
				37932F042863205F00BF48C8 /* UserPreferences.swift */,
				37C6E0C928662C6800BDDA16 /* SortingWays.swift */,
				37963F16286A0F0B00C4B72A /* DirectoryMonitor.swift */,
			);
			path = Backend;
			sourceTree = "<group>";
		};
		3771D3792862328B00E200B6 /* UI */ = {
			isa = PBXGroup;
			children = (
				37C6E0C628662C2900BDDA16 /* Path */,
				37C6E0C42865CF7C00BDDA16 /* SettingsTableViewController.swift */,
				3771D37E2862493E00E200B6 /* PathInformationTableView.swift */,
				37DE0FA12864902400E5EBBC /* FilePreviewDataSource.swift */,
			);
			path = UI;
			sourceTree = "<group>";
		};
		3789B5D328622B7A00058688 = {
			isa = PBXGroup;
			children = (
				3789B5DE28622B7A00058688 /* Santander */,
				3789B5DD28622B7A00058688 /* Products */,
			);
			sourceTree = "<group>";
		};
		3789B5DD28622B7A00058688 /* Products */ = {
			isa = PBXGroup;
			children = (
				3789B5DC28622B7A00058688 /* Santander.app */,
			);
			name = Products;
			sourceTree = "<group>";
		};
		3789B5DE28622B7A00058688 /* Santander */ = {
			isa = PBXGroup;
			children = (
				3771D3792862328B00E200B6 /* UI */,
				3771D3782862328400E200B6 /* Backend */,
				3789B5DF28622B7A00058688 /* AppDelegate.swift */,
				3789B5E128622B7A00058688 /* SceneDelegate.swift */,
				3789B5E828622B7C00058688 /* Assets.xcassets */,
				3789B5EA28622B7C00058688 /* LaunchScreen.storyboard */,
				3789B5ED28622B7C00058688 /* Info.plist */,
			);
			path = Santander;
			sourceTree = "<group>";
		};
		37C6E0C628662C2900BDDA16 /* Path */ = {
			isa = PBXGroup;
			children = (
				3789B5F328622E0D00058688 /* PathContentsTableViewController.swift */,
				37C6E0CF28673AFF00BDDA16 /* Search.swift */,
				37C6E0D12867653A00BDDA16 /* PathsListSplitViewController.swift */,
				37C6E0CD28665B2A00BDDA16 /* PathOperationViewController.swift */,
				37C6E0C728662C4100BDDA16 /* DragAndDrop.swift */,
			);
			path = Path;
			sourceTree = "<group>";
		};
/* End PBXGroup section */

/* Begin PBXNativeTarget section */
		3789B5DB28622B7A00058688 /* Santander */ = {
			isa = PBXNativeTarget;
			buildConfigurationList = 3789B5F028622B7C00058688 /* Build configuration list for PBXNativeTarget "Santander" */;
			buildPhases = (
				3789B5D828622B7A00058688 /* Sources */,
				3789B5D928622B7A00058688 /* Frameworks */,
				3789B5DA28622B7A00058688 /* Resources */,
				3765393B286920FC00D76430 /* Embed App Extensions */,
			);
			buildRules = (
			);
			dependencies = (
			);
			name = Santander;
			productName = Santander;
			productReference = 3789B5DC28622B7A00058688 /* Santander.app */;
			productType = "com.apple.product-type.application";
		};
/* End PBXNativeTarget section */

/* Begin PBXProject section */
		3789B5D428622B7A00058688 /* Project object */ = {
			isa = PBXProject;
			attributes = {
				LastSwiftUpdateCheck = 1340;
				LastUpgradeCheck = 1340;
				TargetAttributes = {
					3789B5DB28622B7A00058688 = {
						CreatedOnToolsVersion = 13.4.1;
					};
				};
			};
			buildConfigurationList = 3789B5D728622B7A00058688 /* Build configuration list for PBXProject "Santander" */;
			compatibilityVersion = "Xcode 13.0";
			developmentRegion = en;
			hasScannedForEncodings = 0;
			knownRegions = (
				en,
				Base,
			);
			mainGroup = 3789B5D328622B7A00058688;
			productRefGroup = 3789B5DD28622B7A00058688 /* Products */;
			projectDirPath = "";
			projectRoot = "";
			targets = (
				3789B5DB28622B7A00058688 /* Santander */,
			);
		};
/* End PBXProject section */

/* Begin PBXResourcesBuildPhase section */
		3789B5DA28622B7A00058688 /* Resources */ = {
			isa = PBXResourcesBuildPhase;
			buildActionMask = 2147483647;
			files = (
				3789B5EC28622B7C00058688 /* LaunchScreen.storyboard in Resources */,
				3789B5E928622B7C00058688 /* Assets.xcassets in Resources */,
			);
			runOnlyForDeploymentPostprocessing = 0;
		};
/* End PBXResourcesBuildPhase section */

/* Begin PBXSourcesBuildPhase section */
		3789B5D828622B7A00058688 /* Sources */ = {
			isa = PBXSourcesBuildPhase;
			buildActionMask = 2147483647;
			files = (
				37C6E0CE28665B2A00BDDA16 /* PathOperationViewController.swift in Sources */,
				3771D37B2862329D00E200B6 /* Extensions.swift in Sources */,
				37C6E0C52865CF7C00BDDA16 /* SettingsTableViewController.swift in Sources */,
				37C6E0CA28662C6800BDDA16 /* SortingWays.swift in Sources */,
				37C6E0C828662C4100BDDA16 /* DragAndDrop.swift in Sources */,
				37932F052863205F00BF48C8 /* UserPreferences.swift in Sources */,
				37963F132869C96C00C4B72A /* PathType.swift in Sources */,
				3789B5F428622E0D00058688 /* PathContentsTableViewController.swift in Sources */,
				3789B5E028622B7A00058688 /* AppDelegate.swift in Sources */,
				37DE0FA22864902400E5EBBC /* FilePreviewDataSource.swift in Sources */,
				37963F17286A0F0B00C4B72A /* DirectoryMonitor.swift in Sources */,
				37C6E0D22867653A00BDDA16 /* PathsListSplitViewController.swift in Sources */,
				37C6E0D028673AFF00BDDA16 /* Search.swift in Sources */,
				3771D37F2862493E00E200B6 /* PathInformationTableView.swift in Sources */,
				3789B5E228622B7A00058688 /* SceneDelegate.swift in Sources */,
			);
			runOnlyForDeploymentPostprocessing = 0;
		};
/* End PBXSourcesBuildPhase section */

/* Begin PBXVariantGroup section */
		3789B5EA28622B7C00058688 /* LaunchScreen.storyboard */ = {
			isa = PBXVariantGroup;
			children = (
				3789B5EB28622B7C00058688 /* Base */,
			);
			name = LaunchScreen.storyboard;
			sourceTree = "<group>";
		};
/* End PBXVariantGroup section */

/* Begin XCBuildConfiguration section */
		3789B5EE28622B7C00058688 /* Debug */ = {
			isa = XCBuildConfiguration;
			buildSettings = {
				ALWAYS_SEARCH_USER_PATHS = NO;
				CLANG_ANALYZER_NONNULL = YES;
				CLANG_ANALYZER_NUMBER_OBJECT_CONVERSION = YES_AGGRESSIVE;
				CLANG_CXX_LANGUAGE_STANDARD = "gnu++17";
				CLANG_ENABLE_MODULES = YES;
				CLANG_ENABLE_OBJC_ARC = YES;
				CLANG_ENABLE_OBJC_WEAK = YES;
				CLANG_WARN_BLOCK_CAPTURE_AUTORELEASING = YES;
				CLANG_WARN_BOOL_CONVERSION = YES;
				CLANG_WARN_COMMA = YES;
				CLANG_WARN_CONSTANT_CONVERSION = YES;
				CLANG_WARN_DEPRECATED_OBJC_IMPLEMENTATIONS = YES;
				CLANG_WARN_DIRECT_OBJC_ISA_USAGE = YES_ERROR;
				CLANG_WARN_DOCUMENTATION_COMMENTS = YES;
				CLANG_WARN_EMPTY_BODY = YES;
				CLANG_WARN_ENUM_CONVERSION = YES;
				CLANG_WARN_INFINITE_RECURSION = YES;
				CLANG_WARN_INT_CONVERSION = YES;
				CLANG_WARN_NON_LITERAL_NULL_CONVERSION = YES;
				CLANG_WARN_OBJC_IMPLICIT_RETAIN_SELF = YES;
				CLANG_WARN_OBJC_LITERAL_CONVERSION = YES;
				CLANG_WARN_OBJC_ROOT_CLASS = YES_ERROR;
				CLANG_WARN_QUOTED_INCLUDE_IN_FRAMEWORK_HEADER = YES;
				CLANG_WARN_RANGE_LOOP_ANALYSIS = YES;
				CLANG_WARN_STRICT_PROTOTYPES = YES;
				CLANG_WARN_SUSPICIOUS_MOVE = YES;
				CLANG_WARN_UNGUARDED_AVAILABILITY = YES_AGGRESSIVE;
				CLANG_WARN_UNREACHABLE_CODE = YES;
				CLANG_WARN__DUPLICATE_METHOD_MATCH = YES;
				COPY_PHASE_STRIP = NO;
				DEBUG_INFORMATION_FORMAT = dwarf;
				ENABLE_STRICT_OBJC_MSGSEND = YES;
				ENABLE_TESTABILITY = YES;
				GCC_C_LANGUAGE_STANDARD = gnu11;
				GCC_DYNAMIC_NO_PIC = NO;
				GCC_NO_COMMON_BLOCKS = YES;
				GCC_OPTIMIZATION_LEVEL = 0;
				GCC_PREPROCESSOR_DEFINITIONS = (
					"DEBUG=1",
					"$(inherited)",
				);
				GCC_WARN_64_TO_32_BIT_CONVERSION = YES;
				GCC_WARN_ABOUT_RETURN_TYPE = YES_ERROR;
				GCC_WARN_UNDECLARED_SELECTOR = YES;
				GCC_WARN_UNINITIALIZED_AUTOS = YES_AGGRESSIVE;
				GCC_WARN_UNUSED_FUNCTION = YES;
				GCC_WARN_UNUSED_VARIABLE = YES;
				IPHONEOS_DEPLOYMENT_TARGET = 16.0;
				MTL_ENABLE_DEBUG_INFO = INCLUDE_SOURCE;
				MTL_FAST_MATH = YES;
				ONLY_ACTIVE_ARCH = YES;
				SDKROOT = iphoneos;
				SWIFT_ACTIVE_COMPILATION_CONDITIONS = DEBUG;
				SWIFT_OPTIMIZATION_LEVEL = "-Onone";
			};
			name = Debug;
		};
		3789B5EF28622B7C00058688 /* Release */ = {
			isa = XCBuildConfiguration;
			buildSettings = {
				ALWAYS_SEARCH_USER_PATHS = NO;
				CLANG_ANALYZER_NONNULL = YES;
				CLANG_ANALYZER_NUMBER_OBJECT_CONVERSION = YES_AGGRESSIVE;
				CLANG_CXX_LANGUAGE_STANDARD = "gnu++17";
				CLANG_ENABLE_MODULES = YES;
				CLANG_ENABLE_OBJC_ARC = YES;
				CLANG_ENABLE_OBJC_WEAK = YES;
				CLANG_WARN_BLOCK_CAPTURE_AUTORELEASING = YES;
				CLANG_WARN_BOOL_CONVERSION = YES;
				CLANG_WARN_COMMA = YES;
				CLANG_WARN_CONSTANT_CONVERSION = YES;
				CLANG_WARN_DEPRECATED_OBJC_IMPLEMENTATIONS = YES;
				CLANG_WARN_DIRECT_OBJC_ISA_USAGE = YES_ERROR;
				CLANG_WARN_DOCUMENTATION_COMMENTS = YES;
				CLANG_WARN_EMPTY_BODY = YES;
				CLANG_WARN_ENUM_CONVERSION = YES;
				CLANG_WARN_INFINITE_RECURSION = YES;
				CLANG_WARN_INT_CONVERSION = YES;
				CLANG_WARN_NON_LITERAL_NULL_CONVERSION = YES;
				CLANG_WARN_OBJC_IMPLICIT_RETAIN_SELF = YES;
				CLANG_WARN_OBJC_LITERAL_CONVERSION = YES;
				CLANG_WARN_OBJC_ROOT_CLASS = YES_ERROR;
				CLANG_WARN_QUOTED_INCLUDE_IN_FRAMEWORK_HEADER = YES;
				CLANG_WARN_RANGE_LOOP_ANALYSIS = YES;
				CLANG_WARN_STRICT_PROTOTYPES = YES;
				CLANG_WARN_SUSPICIOUS_MOVE = YES;
				CLANG_WARN_UNGUARDED_AVAILABILITY = YES_AGGRESSIVE;
				CLANG_WARN_UNREACHABLE_CODE = YES;
				CLANG_WARN__DUPLICATE_METHOD_MATCH = YES;
				COPY_PHASE_STRIP = NO;
				DEBUG_INFORMATION_FORMAT = "dwarf-with-dsym";
				ENABLE_NS_ASSERTIONS = NO;
				ENABLE_STRICT_OBJC_MSGSEND = YES;
				GCC_C_LANGUAGE_STANDARD = gnu11;
				GCC_NO_COMMON_BLOCKS = YES;
				GCC_WARN_64_TO_32_BIT_CONVERSION = YES;
				GCC_WARN_ABOUT_RETURN_TYPE = YES_ERROR;
				GCC_WARN_UNDECLARED_SELECTOR = YES;
				GCC_WARN_UNINITIALIZED_AUTOS = YES_AGGRESSIVE;
				GCC_WARN_UNUSED_FUNCTION = YES;
				GCC_WARN_UNUSED_VARIABLE = YES;
				IPHONEOS_DEPLOYMENT_TARGET = 16.0;
				MTL_ENABLE_DEBUG_INFO = NO;
				MTL_FAST_MATH = YES;
				SDKROOT = iphoneos;
				SWIFT_COMPILATION_MODE = wholemodule;
				SWIFT_OPTIMIZATION_LEVEL = "-O";
				VALIDATE_PRODUCT = YES;
			};
			name = Release;
		};
		3789B5F128622B7C00058688 /* Debug */ = {
			isa = XCBuildConfiguration;
			buildSettings = {
				ASSETCATALOG_COMPILER_APPICON_NAME = AppIcon;
				ASSETCATALOG_COMPILER_GLOBAL_ACCENT_COLOR_NAME = AccentColor;
				CODE_SIGN_STYLE = Automatic;
				CURRENT_PROJECT_VERSION = 1;
				DEVELOPMENT_TEAM = L9735M962H;
				GENERATE_INFOPLIST_FILE = YES;
				INFOPLIST_FILE = Santander/Info.plist;
				INFOPLIST_KEY_UIApplicationSupportsIndirectInputEvents = YES;
				INFOPLIST_KEY_UILaunchStoryboardName = LaunchScreen;
				INFOPLIST_KEY_UISupportedInterfaceOrientations_iPad = "UIInterfaceOrientationPortrait UIInterfaceOrientationPortraitUpsideDown UIInterfaceOrientationLandscapeLeft UIInterfaceOrientationLandscapeRight";
				INFOPLIST_KEY_UISupportedInterfaceOrientations_iPhone = "UIInterfaceOrientationPortrait UIInterfaceOrientationLandscapeLeft UIInterfaceOrientationLandscapeRight";
				IPHONEOS_DEPLOYMENT_TARGET = 15.0;
				LD_RUNPATH_SEARCH_PATHS = (
					"$(inherited)",
					"@executable_path/Frameworks",
				);
				MARKETING_VERSION = 1.0;
				PRODUCT_BUNDLE_IDENTIFIER = com.serena.Santander;
				PRODUCT_NAME = "$(TARGET_NAME)";
				SWIFT_EMIT_LOC_STRINGS = YES;
				SWIFT_VERSION = 5.0;
				TARGETED_DEVICE_FAMILY = "1,2";
			};
			name = Debug;
		};
		3789B5F228622B7C00058688 /* Release */ = {
			isa = XCBuildConfiguration;
			buildSettings = {
				ASSETCATALOG_COMPILER_APPICON_NAME = AppIcon;
				ASSETCATALOG_COMPILER_GLOBAL_ACCENT_COLOR_NAME = AccentColor;
				CODE_SIGN_STYLE = Automatic;
				CURRENT_PROJECT_VERSION = 1;
				DEVELOPMENT_TEAM = L9735M962H;
				GENERATE_INFOPLIST_FILE = YES;
				INFOPLIST_FILE = Santander/Info.plist;
				INFOPLIST_KEY_UIApplicationSupportsIndirectInputEvents = YES;
				INFOPLIST_KEY_UILaunchStoryboardName = LaunchScreen;
				INFOPLIST_KEY_UISupportedInterfaceOrientations_iPad = "UIInterfaceOrientationPortrait UIInterfaceOrientationPortraitUpsideDown UIInterfaceOrientationLandscapeLeft UIInterfaceOrientationLandscapeRight";
				INFOPLIST_KEY_UISupportedInterfaceOrientations_iPhone = "UIInterfaceOrientationPortrait UIInterfaceOrientationLandscapeLeft UIInterfaceOrientationLandscapeRight";
				IPHONEOS_DEPLOYMENT_TARGET = 15.0;
				LD_RUNPATH_SEARCH_PATHS = (
					"$(inherited)",
					"@executable_path/Frameworks",
				);
				MARKETING_VERSION = 1.0;
				PRODUCT_BUNDLE_IDENTIFIER = com.serena.Santander;
				PRODUCT_NAME = "$(TARGET_NAME)";
				SWIFT_EMIT_LOC_STRINGS = YES;
				SWIFT_VERSION = 5.0;
				TARGETED_DEVICE_FAMILY = "1,2";
			};
			name = Release;
		};
/* End XCBuildConfiguration section */

/* Begin XCConfigurationList section */
		3789B5D728622B7A00058688 /* Build configuration list for PBXProject "Santander" */ = {
			isa = XCConfigurationList;
			buildConfigurations = (
				3789B5EE28622B7C00058688 /* Debug */,
				3789B5EF28622B7C00058688 /* Release */,
			);
			defaultConfigurationIsVisible = 0;
			defaultConfigurationName = Release;
		};
		3789B5F028622B7C00058688 /* Build configuration list for PBXNativeTarget "Santander" */ = {
			isa = XCConfigurationList;
			buildConfigurations = (
				3789B5F128622B7C00058688 /* Debug */,
				3789B5F228622B7C00058688 /* Release */,
			);
			defaultConfigurationIsVisible = 0;
			defaultConfigurationName = Release;
		};
/* End XCConfigurationList section */
	};
	rootObject = 3789B5D428622B7A00058688 /* Project object */;
}
